
Microsoft Visual Studio Solution File, Format Version 12.00
# Visual Studio Version 16
VisualStudioVersion = 16.0.29806.167
MinimumVisualStudioVersion = 10.0.40219.1
Project("{8BC9CEB8-8B4A-11D0-8D11-00A0C91BC942}") = "Week 1", "Week 1\Week 1.vcxproj", "{B48D7A7B-B85B-4BDF-8F06-3AEF33C4F82E}"
EndProject
Project("{8BC9CEB8-8B4A-11D0-8D11-00A0C91BC942}") = "Week 2", "Week 2\Week 2.vcxproj", "{4F51E421-9B89-4FCB-8C1B-3B504AC581FE}"
EndProject
Global
	GlobalSection(SolutionConfigurationPlatforms) = preSolution
		Debug|x64 = Debug|x64
		Debug|x86 = Debug|x86
		Release|x64 = Release|x64
		Release|x86 = Release|x86
	EndGlobalSection
	GlobalSection(ProjectConfigurationPlatforms) = postSolution
		{B48D7A7B-B85B-4BDF-8F06-3AEF33C4F82E}.Debug|x64.ActiveCfg = Debug|x64
		{B48D7A7B-B85B-4BDF-8F06-3AEF33C4F82E}.Debug|x64.Build.0 = Debug|x64
		{B48D7A7B-B85B-4BDF-8F06-3AEF33C4F82E}.Debug|x86.ActiveCfg = Debug|Win32
		{B48D7A7B-B85B-4BDF-8F06-3AEF33C4F82E}.Debug|x86.Build.0 = Debug|Win32
		{B48D7A7B-B85B-4BDF-8F06-3AEF33C4F82E}.Release|x64.ActiveCfg = Release|x64
		{B48D7A7B-B85B-4BDF-8F06-3AEF33C4F82E}.Release|x64.Build.0 = Release|x64
		{B48D7A7B-B85B-4BDF-8F06-3AEF33C4F82E}.Release|x86.ActiveCfg = Release|Win32
		{B48D7A7B-B85B-4BDF-8F06-3AEF33C4F82E}.Release|x86.Build.0 = Release|Win32
		{4F51E421-9B89-4FCB-8C1B-3B504AC581FE}.Debug|x64.ActiveCfg = Debug|x64
		{4F51E421-9B89-4FCB-8C1B-3B504AC581FE}.Debug|x64.Build.0 = Debug|x64
		{4F51E421-9B89-4FCB-8C1B-3B504AC581FE}.Debug|x86.ActiveCfg = Debug|Win32
		{4F51E421-9B89-4FCB-8C1B-3B504AC581FE}.Debug|x86.Build.0 = Debug|Win32
		{4F51E421-9B89-4FCB-8C1B-3B504AC581FE}.Release|x64.ActiveCfg = Release|x64
		{4F51E421-9B89-4FCB-8C1B-3B504AC581FE}.Release|x64.Build.0 = Release|x64
		{4F51E421-9B89-4FCB-8C1B-3B504AC581FE}.Release|x86.ActiveCfg = Release|Win32
		{4F51E421-9B89-4FCB-8C1B-3B504AC581FE}.Release|x86.Build.0 = Release|Win32
	EndGlobalSection
	GlobalSection(SolutionProperties) = preSolution
		HideSolutionNode = FALSE
	EndGlobalSection
	GlobalSection(ExtensibilityGlobals) = postSolution
		SolutionGuid = {380F23D2-F68D-411E-84C7-A2E03050F2B7}
	EndGlobalSection
EndGlobal
